
Microsoft Visual Studio Solution File, Format Version 12.00
# Visual Studio Version 16
VisualStudioVersion = 16.0.29209.62
MinimumVisualStudioVersion = 10.0.40219.1
Project("{FAE04EC0-301F-11D3-BF4B-00C04F79EFBC}") = "Static2", "Static2\Static2.csproj", "{80C722CA-2D40-4571-B61B-D1399C726B9A}"
EndProject
Global
	GlobalSection(SolutionConfigurationPlatforms) = preSolution
		Debug|Any CPU = Debug|Any CPU
		Release|Any CPU = Release|Any CPU
	EndGlobalSection
	GlobalSection(ProjectConfigurationPlatforms) = postSolution
		{80C722CA-2D40-4571-B61B-D1399C726B9A}.Debug|Any CPU.ActiveCfg = Debug|Any CPU
		{80C722CA-2D40-4571-B61B-D1399C726B9A}.Debug|Any CPU.Build.0 = Debug|Any CPU
		{80C722CA-2D40-4571-B61B-D1399C726B9A}.Release|Any CPU.ActiveCfg = Release|Any CPU
		{80C722CA-2D40-4571-B61B-D1399C726B9A}.Release|Any CPU.Build.0 = Release|Any CPU
	EndGlobalSection
	GlobalSection(SolutionProperties) = preSolution
		HideSolutionNode = FALSE
	EndGlobalSection
	GlobalSection(ExtensibilityGlobals) = postSolution
		SolutionGuid = {91E356D8-9E09-4763-BC39-C6E851EA04BF}
	EndGlobalSection
EndGlobal
